// !$*UTF8*$!
{
	archiveVersion = 1;
	classes = {
	};
	objectVersion = 50;
	objects = {

/* Begin PBXBuildFile section */
		FF266D5928CB0B8D00AF5458 /* AppDelegate.swift in Sources */ = {isa = PBXBuildFile; fileRef = FF266D5828CB0B8D00AF5458 /* AppDelegate.swift */; };
		FF266D5B28CB0B8D00AF5458 /* SceneDelegate.swift in Sources */ = {isa = PBXBuildFile; fileRef = FF266D5A28CB0B8D00AF5458 /* SceneDelegate.swift */; };
		FF266D5D28CB0B8D00AF5458 /* ViewController.swift in Sources */ = {isa = PBXBuildFile; fileRef = FF266D5C28CB0B8D00AF5458 /* ViewController.swift */; };
		FF266D6028CB0B8D00AF5458 /* Main.storyboard in Resources */ = {isa = PBXBuildFile; fileRef = FF266D5E28CB0B8D00AF5458 /* Main.storyboard */; };
		FF266D6228CB0B8F00AF5458 /* Assets.xcassets in Resources */ = {isa = PBXBuildFile; fileRef = FF266D6128CB0B8F00AF5458 /* Assets.xcassets */; };
		FF266D6528CB0B8F00AF5458 /* LaunchScreen.storyboard in Resources */ = {isa = PBXBuildFile; fileRef = FF266D6328CB0B8F00AF5458 /* LaunchScreen.storyboard */; };
		FF266D7028CB0B8F00AF5458 /* I_am_richTests.swift in Sources */ = {isa = PBXBuildFile; fileRef = FF266D6F28CB0B8F00AF5458 /* I_am_richTests.swift */; };
		FF266D7B28CB0B8F00AF5458 /* I_am_richUITests.swift in Sources */ = {isa = PBXBuildFile; fileRef = FF266D7A28CB0B8F00AF5458 /* I_am_richUITests.swift */; };
/* End PBXBuildFile section */

/* Begin PBXContainerItemProxy section */
		FF266D6C28CB0B8F00AF5458 /* PBXContainerItemProxy */ = {
			isa = PBXContainerItemProxy;
			containerPortal = FF266D4D28CB0B8D00AF5458 /* Project object */;
			proxyType = 1;
			remoteGlobalIDString = FF266D5428CB0B8D00AF5458;
			remoteInfo = "I am rich";
		};
		FF266D7728CB0B8F00AF5458 /* PBXContainerItemProxy */ = {
			isa = PBXContainerItemProxy;
			containerPortal = FF266D4D28CB0B8D00AF5458 /* Project object */;
			proxyType = 1;
			remoteGlobalIDString = FF266D5428CB0B8D00AF5458;
			remoteInfo = "I am rich";
		};
/* End PBXContainerItemProxy section */

/* Begin PBXFileReference section */
		FF266D5528CB0B8D00AF5458 /* I am rich.app */ = {isa = PBXFileReference; explicitFileType = wrapper.application; includeInIndex = 0; path = "I am rich.app"; sourceTree = BUILT_PRODUCTS_DIR; };
		FF266D5828CB0B8D00AF5458 /* AppDelegate.swift */ = {isa = PBXFileReference; lastKnownFileType = sourcecode.swift; path = AppDelegate.swift; sourceTree = "<group>"; };
		FF266D5A28CB0B8D00AF5458 /* SceneDelegate.swift */ = {isa = PBXFileReference; lastKnownFileType = sourcecode.swift; path = SceneDelegate.swift; sourceTree = "<group>"; };
		FF266D5C28CB0B8D00AF5458 /* ViewController.swift */ = {isa = PBXFileReference; lastKnownFileType = sourcecode.swift; path = ViewController.swift; sourceTree = "<group>"; };
		FF266D5F28CB0B8D00AF5458 /* Base */ = {isa = PBXFileReference; lastKnownFileType = file.storyboard; name = Base; path = Base.lproj/Main.storyboard; sourceTree = "<group>"; };
		FF266D6128CB0B8F00AF5458 /* Assets.xcassets */ = {isa = PBXFileReference; lastKnownFileType = folder.assetcatalog; path = Assets.xcassets; sourceTree = "<group>"; };
		FF266D6428CB0B8F00AF5458 /* Base */ = {isa = PBXFileReference; lastKnownFileType = file.storyboard; name = Base; path = Base.lproj/LaunchScreen.storyboard; sourceTree = "<group>"; };
		FF266D6628CB0B8F00AF5458 /* Info.plist */ = {isa = PBXFileReference; lastKnownFileType = text.plist.xml; path = Info.plist; sourceTree = "<group>"; };
		FF266D6B28CB0B8F00AF5458 /* I am richTests.xctest */ = {isa = PBXFileReference; explicitFileType = wrapper.cfbundle; includeInIndex = 0; path = "I am richTests.xctest"; sourceTree = BUILT_PRODUCTS_DIR; };
		FF266D6F28CB0B8F00AF5458 /* I_am_richTests.swift */ = {isa = PBXFileReference; lastKnownFileType = sourcecode.swift; path = I_am_richTests.swift; sourceTree = "<group>"; };
		FF266D7128CB0B8F00AF5458 /* Info.plist */ = {isa = PBXFileReference; lastKnownFileType = text.plist.xml; path = Info.plist; sourceTree = "<group>"; };
		FF266D7628CB0B8F00AF5458 /* I am richUITests.xctest */ = {isa = PBXFileReference; explicitFileType = wrapper.cfbundle; includeInIndex = 0; path = "I am richUITests.xctest"; sourceTree = BUILT_PRODUCTS_DIR; };
		FF266D7A28CB0B8F00AF5458 /* I_am_richUITests.swift */ = {isa = PBXFileReference; lastKnownFileType = sourcecode.swift; path = I_am_richUITests.swift; sourceTree = "<group>"; };
		FF266D7C28CB0B8F00AF5458 /* Info.plist */ = {isa = PBXFileReference; lastKnownFileType = text.plist.xml; path = Info.plist; sourceTree = "<group>"; };
/* End PBXFileReference section */

/* Begin PBXFrameworksBuildPhase section */
		FF266D5228CB0B8D00AF5458 /* Frameworks */ = {
			isa = PBXFrameworksBuildPhase;
			buildActionMask = 2147483647;
			files = (
			);
			runOnlyForDeploymentPostprocessing = 0;
		};
		FF266D6828CB0B8F00AF5458 /* Frameworks */ = {
			isa = PBXFrameworksBuildPhase;
			buildActionMask = 2147483647;
			files = (
			);
			runOnlyForDeploymentPostprocessing = 0;
		};
		FF266D7328CB0B8F00AF5458 /* Frameworks */ = {
			isa = PBXFrameworksBuildPhase;
			buildActionMask = 2147483647;
			files = (
			);
			runOnlyForDeploymentPostprocessing = 0;
		};
/* End PBXFrameworksBuildPhase section */

/* Begin PBXGroup section */
		FF266D4C28CB0B8D00AF5458 = {
			isa = PBXGroup;
			children = (
				FF266D5728CB0B8D00AF5458 /* I am rich */,
				FF266D6E28CB0B8F00AF5458 /* I am richTests */,
				FF266D7928CB0B8F00AF5458 /* I am richUITests */,
				FF266D5628CB0B8D00AF5458 /* Products */,
			);
			sourceTree = "<group>";
		};
		FF266D5628CB0B8D00AF5458 /* Products */ = {
			isa = PBXGroup;
			children = (
				FF266D5528CB0B8D00AF5458 /* I am rich.app */,
				FF266D6B28CB0B8F00AF5458 /* I am richTests.xctest */,
				FF266D7628CB0B8F00AF5458 /* I am richUITests.xctest */,
			);
			name = Products;
			sourceTree = "<group>";
		};
		FF266D5728CB0B8D00AF5458 /* I am rich */ = {
			isa = PBXGroup;
			children = (
				FF266D5828CB0B8D00AF5458 /* AppDelegate.swift */,
				FF266D5A28CB0B8D00AF5458 /* SceneDelegate.swift */,
				FF266D5C28CB0B8D00AF5458 /* ViewController.swift */,
				FF266D5E28CB0B8D00AF5458 /* Main.storyboard */,
				FF266D6128CB0B8F00AF5458 /* Assets.xcassets */,
				FF266D6328CB0B8F00AF5458 /* LaunchScreen.storyboard */,
				FF266D6628CB0B8F00AF5458 /* Info.plist */,
			);
			path = "I am rich";
			sourceTree = "<group>";
		};
		FF266D6E28CB0B8F00AF5458 /* I am richTests */ = {
			isa = PBXGroup;
			children = (
				FF266D6F28CB0B8F00AF5458 /* I_am_richTests.swift */,
				FF266D7128CB0B8F00AF5458 /* Info.plist */,
			);
			path = "I am richTests";
			sourceTree = "<group>";
		};
		FF266D7928CB0B8F00AF5458 /* I am richUITests */ = {
			isa = PBXGroup;
			children = (
				FF266D7A28CB0B8F00AF5458 /* I_am_richUITests.swift */,
				FF266D7C28CB0B8F00AF5458 /* Info.plist */,
			);
			path = "I am richUITests";
			sourceTree = "<group>";
		};
/* End PBXGroup section */

/* Begin PBXNativeTarget section */
		FF266D5428CB0B8D00AF5458 /* I am rich */ = {
			isa = PBXNativeTarget;
			buildConfigurationList = FF266D7F28CB0B8F00AF5458 /* Build configuration list for PBXNativeTarget "I am rich" */;
			buildPhases = (
				FF266D5128CB0B8D00AF5458 /* Sources */,
				FF266D5228CB0B8D00AF5458 /* Frameworks */,
				FF266D5328CB0B8D00AF5458 /* Resources */,
			);
			buildRules = (
			);
			dependencies = (
			);
			name = "I am rich";
			productName = "I am rich";
			productReference = FF266D5528CB0B8D00AF5458 /* I am rich.app */;
			productType = "com.apple.product-type.application";
		};
		FF266D6A28CB0B8F00AF5458 /* I am richTests */ = {
			isa = PBXNativeTarget;
			buildConfigurationList = FF266D8228CB0B8F00AF5458 /* Build configuration list for PBXNativeTarget "I am richTests" */;
			buildPhases = (
				FF266D6728CB0B8F00AF5458 /* Sources */,
				FF266D6828CB0B8F00AF5458 /* Frameworks */,
				FF266D6928CB0B8F00AF5458 /* Resources */,
			);
			buildRules = (
			);
			dependencies = (
				FF266D6D28CB0B8F00AF5458 /* PBXTargetDependency */,
			);
			name = "I am richTests";
			productName = "I am richTests";
			productReference = FF266D6B28CB0B8F00AF5458 /* I am richTests.xctest */;
			productType = "com.apple.product-type.bundle.unit-test";
		};
		FF266D7528CB0B8F00AF5458 /* I am richUITests */ = {
			isa = PBXNativeTarget;
			buildConfigurationList = FF266D8528CB0B8F00AF5458 /* Build configuration list for PBXNativeTarget "I am richUITests" */;
			buildPhases = (
				FF266D7228CB0B8F00AF5458 /* Sources */,
				FF266D7328CB0B8F00AF5458 /* Frameworks */,
				FF266D7428CB0B8F00AF5458 /* Resources */,
			);
			buildRules = (
			);
			dependencies = (
				FF266D7828CB0B8F00AF5458 /* PBXTargetDependency */,
			);
			name = "I am richUITests";
			productName = "I am richUITests";
			productReference = FF266D7628CB0B8F00AF5458 /* I am richUITests.xctest */;
			productType = "com.apple.product-type.bundle.ui-testing";
		};
/* End PBXNativeTarget section */

/* Begin PBXProject section */
		FF266D4D28CB0B8D00AF5458 /* Project object */ = {
			isa = PBXProject;
			attributes = {
				LastSwiftUpdateCheck = 1240;
				LastUpgradeCheck = 1240;
				TargetAttributes = {
					FF266D5428CB0B8D00AF5458 = {
						CreatedOnToolsVersion = 12.4;
					};
					FF266D6A28CB0B8F00AF5458 = {
						CreatedOnToolsVersion = 12.4;
						TestTargetID = FF266D5428CB0B8D00AF5458;
					};
					FF266D7528CB0B8F00AF5458 = {
						CreatedOnToolsVersion = 12.4;
						TestTargetID = FF266D5428CB0B8D00AF5458;
					};
				};
			};
			buildConfigurationList = FF266D5028CB0B8D00AF5458 /* Build configuration list for PBXProject "I am rich" */;
			compatibilityVersion = "Xcode 9.3";
			developmentRegion = en;
			hasScannedForEncodings = 0;
			knownRegions = (
				en,
				Base,
			);
			mainGroup = FF266D4C28CB0B8D00AF5458;
			productRefGroup = FF266D5628CB0B8D00AF5458 /* Products */;
			projectDirPath = "";
			projectRoot = "";
			targets = (
				FF266D5428CB0B8D00AF5458 /* I am rich */,
				FF266D6A28CB0B8F00AF5458 /* I am richTests */,
				FF266D7528CB0B8F00AF5458 /* I am richUITests */,
			);
		};
/* End PBXProject section */

/* Begin PBXResourcesBuildPhase section */
		FF266D5328CB0B8D00AF5458 /* Resources */ = {
			isa = PBXResourcesBuildPhase;
			buildActionMask = 2147483647;
			files = (
				FF266D6528CB0B8F00AF5458 /* LaunchScreen.storyboard in Resources */,
				FF266D6228CB0B8F00AF5458 /* Assets.xcassets in Resources */,
				FF266D6028CB0B8D00AF5458 /* Main.storyboard in Resources */,
			);
			runOnlyForDeploymentPostprocessing = 0;
		};
		FF266D6928CB0B8F00AF5458 /* Resources */ = {
			isa = PBXResourcesBuildPhase;
			buildActionMask = 2147483647;
			files = (
			);
			runOnlyForDeploymentPostprocessing = 0;
		};
		FF266D7428CB0B8F00AF5458 /* Resources */ = {
			isa = PBXResourcesBuildPhase;
			buildActionMask = 2147483647;
			files = (
			);
			runOnlyForDeploymentPostprocessing = 0;
		};
/* End PBXResourcesBuildPhase section */

/* Begin PBXSourcesBuildPhase section */
		FF266D5128CB0B8D00AF5458 /* Sources */ = {
			isa = PBXSourcesBuildPhase;
			buildActionMask = 2147483647;
			files = (
				FF266D5D28CB0B8D00AF5458 /* ViewController.swift in Sources */,
				FF266D5928CB0B8D00AF5458 /* AppDelegate.swift in Sources */,
				FF266D5B28CB0B8D00AF5458 /* SceneDelegate.swift in Sources */,
			);
			runOnlyForDeploymentPostprocessing = 0;
		};
		FF266D6728CB0B8F00AF5458 /* Sources */ = {
			isa = PBXSourcesBuildPhase;
			buildActionMask = 2147483647;
			files = (
				FF266D7028CB0B8F00AF5458 /* I_am_richTests.swift in Sources */,
			);
			runOnlyForDeploymentPostprocessing = 0;
		};
		FF266D7228CB0B8F00AF5458 /* Sources */ = {
			isa = PBXSourcesBuildPhase;
			buildActionMask = 2147483647;
			files = (
				FF266D7B28CB0B8F00AF5458 /* I_am_richUITests.swift in Sources */,
			);
			runOnlyForDeploymentPostprocessing = 0;
		};
/* End PBXSourcesBuildPhase section */

/* Begin PBXTargetDependency section */
		FF266D6D28CB0B8F00AF5458 /* PBXTargetDependency */ = {
			isa = PBXTargetDependency;
			target = FF266D5428CB0B8D00AF5458 /* I am rich */;
			targetProxy = FF266D6C28CB0B8F00AF5458 /* PBXContainerItemProxy */;
		};
		FF266D7828CB0B8F00AF5458 /* PBXTargetDependency */ = {
			isa = PBXTargetDependency;
			target = FF266D5428CB0B8D00AF5458 /* I am rich */;
			targetProxy = FF266D7728CB0B8F00AF5458 /* PBXContainerItemProxy */;
		};
/* End PBXTargetDependency section */

/* Begin PBXVariantGroup section */
		FF266D5E28CB0B8D00AF5458 /* Main.storyboard */ = {
			isa = PBXVariantGroup;
			children = (
				FF266D5F28CB0B8D00AF5458 /* Base */,
			);
			name = Main.storyboard;
			sourceTree = "<group>";
		};
		FF266D6328CB0B8F00AF5458 /* LaunchScreen.storyboard */ = {
			isa = PBXVariantGroup;
			children = (
				FF266D6428CB0B8F00AF5458 /* Base */,
			);
			name = LaunchScreen.storyboard;
			sourceTree = "<group>";
		};
/* End PBXVariantGroup section */

/* Begin XCBuildConfiguration section */
		FF266D7D28CB0B8F00AF5458 /* Debug */ = {
			isa = XCBuildConfiguration;
			buildSettings = {
				ALWAYS_SEARCH_USER_PATHS = NO;
				CLANG_ANALYZER_NONNULL = YES;
				CLANG_ANALYZER_NUMBER_OBJECT_CONVERSION = YES_AGGRESSIVE;
				CLANG_CXX_LANGUAGE_STANDARD = "gnu++14";
				CLANG_CXX_LIBRARY = "libc++";
				CLANG_ENABLE_MODULES = YES;
				CLANG_ENABLE_OBJC_ARC = YES;
				CLANG_ENABLE_OBJC_WEAK = YES;
				CLANG_WARN_BLOCK_CAPTURE_AUTORELEASING = YES;
				CLANG_WARN_BOOL_CONVERSION = YES;
				CLANG_WARN_COMMA = YES;
				CLANG_WARN_CONSTANT_CONVERSION = YES;
				CLANG_WARN_DEPRECATED_OBJC_IMPLEMENTATIONS = YES;
				CLANG_WARN_DIRECT_OBJC_ISA_USAGE = YES_ERROR;
				CLANG_WARN_DOCUMENTATION_COMMENTS = YES;
				CLANG_WARN_EMPTY_BODY = YES;
				CLANG_WARN_ENUM_CONVERSION = YES;
				CLANG_WARN_INFINITE_RECURSION = YES;
				CLANG_WARN_INT_CONVERSION = YES;
				CLANG_WARN_NON_LITERAL_NULL_CONVERSION = YES;
				CLANG_WARN_OBJC_IMPLICIT_RETAIN_SELF = YES;
				CLANG_WARN_OBJC_LITERAL_CONVERSION = YES;
				CLANG_WARN_OBJC_ROOT_CLASS = YES_ERROR;
				CLANG_WARN_QUOTED_INCLUDE_IN_FRAMEWORK_HEADER = YES;
				CLANG_WARN_RANGE_LOOP_ANALYSIS = YES;
				CLANG_WARN_STRICT_PROTOTYPES = YES;
				CLANG_WARN_SUSPICIOUS_MOVE = YES;
				CLANG_WARN_UNGUARDED_AVAILABILITY = YES_AGGRESSIVE;
				CLANG_WARN_UNREACHABLE_CODE = YES;
				CLANG_WARN__DUPLICATE_METHOD_MATCH = YES;
				COPY_PHASE_STRIP = NO;
				DEBUG_INFORMATION_FORMAT = dwarf;
				ENABLE_STRICT_OBJC_MSGSEND = YES;
				ENABLE_TESTABILITY = YES;
				GCC_C_LANGUAGE_STANDARD = gnu11;
				GCC_DYNAMIC_NO_PIC = NO;
				GCC_NO_COMMON_BLOCKS = YES;
				GCC_OPTIMIZATION_LEVEL = 0;
				GCC_PREPROCESSOR_DEFINITIONS = (
					"DEBUG=1",
					"$(inherited)",
				);
				GCC_WARN_64_TO_32_BIT_CONVERSION = YES;
				GCC_WARN_ABOUT_RETURN_TYPE = YES_ERROR;
				GCC_WARN_UNDECLARED_SELECTOR = YES;
				GCC_WARN_UNINITIALIZED_AUTOS = YES_AGGRESSIVE;
				GCC_WARN_UNUSED_FUNCTION = YES;
				GCC_WARN_UNUSED_VARIABLE = YES;
				IPHONEOS_DEPLOYMENT_TARGET = 14.4;
				MTL_ENABLE_DEBUG_INFO = INCLUDE_SOURCE;
				MTL_FAST_MATH = YES;
				ONLY_ACTIVE_ARCH = YES;
				SDKROOT = iphoneos;
				SWIFT_ACTIVE_COMPILATION_CONDITIONS = DEBUG;
				SWIFT_OPTIMIZATION_LEVEL = "-Onone";
			};
			name = Debug;
		};
		FF266D7E28CB0B8F00AF5458 /* Release */ = {
			isa = XCBuildConfiguration;
			buildSettings = {
				ALWAYS_SEARCH_USER_PATHS = NO;
				CLANG_ANALYZER_NONNULL = YES;
				CLANG_ANALYZER_NUMBER_OBJECT_CONVERSION = YES_AGGRESSIVE;
				CLANG_CXX_LANGUAGE_STANDARD = "gnu++14";
				CLANG_CXX_LIBRARY = "libc++";
				CLANG_ENABLE_MODULES = YES;
				CLANG_ENABLE_OBJC_ARC = YES;
				CLANG_ENABLE_OBJC_WEAK = YES;
				CLANG_WARN_BLOCK_CAPTURE_AUTORELEASING = YES;
				CLANG_WARN_BOOL_CONVERSION = YES;
				CLANG_WARN_COMMA = YES;
				CLANG_WARN_CONSTANT_CONVERSION = YES;
				CLANG_WARN_DEPRECATED_OBJC_IMPLEMENTATIONS = YES;
				CLANG_WARN_DIRECT_OBJC_ISA_USAGE = YES_ERROR;
				CLANG_WARN_DOCUMENTATION_COMMENTS = YES;
				CLANG_WARN_EMPTY_BODY = YES;
				CLANG_WARN_ENUM_CONVERSION = YES;
				CLANG_WARN_INFINITE_RECURSION = YES;
				CLANG_WARN_INT_CONVERSION = YES;
				CLANG_WARN_NON_LITERAL_NULL_CONVERSION = YES;
				CLANG_WARN_OBJC_IMPLICIT_RETAIN_SELF = YES;
				CLANG_WARN_OBJC_LITERAL_CONVERSION = YES;
				CLANG_WARN_OBJC_ROOT_CLASS = YES_ERROR;
				CLANG_WARN_QUOTED_INCLUDE_IN_FRAMEWORK_HEADER = YES;
				CLANG_WARN_RANGE_LOOP_ANALYSIS = YES;
				CLANG_WARN_STRICT_PROTOTYPES = YES;
				CLANG_WARN_SUSPICIOUS_MOVE = YES;
				CLANG_WARN_UNGUARDED_AVAILABILITY = YES_AGGRESSIVE;
				CLANG_WARN_UNREACHABLE_CODE = YES;
				CLANG_WARN__DUPLICATE_METHOD_MATCH = YES;
				COPY_PHASE_STRIP = NO;
				DEBUG_INFORMATION_FORMAT = "dwarf-with-dsym";
				ENABLE_NS_ASSERTIONS = NO;
				ENABLE_STRICT_OBJC_MSGSEND = YES;
				GCC_C_LANGUAGE_STANDARD = gnu11;
				GCC_NO_COMMON_BLOCKS = YES;
				GCC_WARN_64_TO_32_BIT_CONVERSION = YES;
				GCC_WARN_ABOUT_RETURN_TYPE = YES_ERROR;
				GCC_WARN_UNDECLARED_SELECTOR = YES;
				GCC_WARN_UNINITIALIZED_AUTOS = YES_AGGRESSIVE;
				GCC_WARN_UNUSED_FUNCTION = YES;
				GCC_WARN_UNUSED_VARIABLE = YES;
				IPHONEOS_DEPLOYMENT_TARGET = 14.4;
				MTL_ENABLE_DEBUG_INFO = NO;
				MTL_FAST_MATH = YES;
				SDKROOT = iphoneos;
				SWIFT_COMPILATION_MODE = wholemodule;
				SWIFT_OPTIMIZATION_LEVEL = "-O";
				VALIDATE_PRODUCT = YES;
			};
			name = Release;
		};
		FF266D8028CB0B8F00AF5458 /* Debug */ = {
			isa = XCBuildConfiguration;
			buildSettings = {
				ASSETCATALOG_COMPILER_APPICON_NAME = AppIcon;
				ASSETCATALOG_COMPILER_GLOBAL_ACCENT_COLOR_NAME = AccentColor;
				CODE_SIGN_STYLE = Automatic;
				INFOPLIST_FILE = "I am rich/Info.plist";
				IPHONEOS_DEPLOYMENT_TARGET = 13.0;
				LD_RUNPATH_SEARCH_PATHS = (
					"$(inherited)",
					"@executable_path/Frameworks",
				);
				PRODUCT_BUNDLE_IDENTIFIER = "co.appbrewery.I-am-rich";
				PRODUCT_NAME = "$(TARGET_NAME)";
				SWIFT_VERSION = 5.0;
				TARGETED_DEVICE_FAMILY = "1,2";
			};
			name = Debug;
		};
		FF266D8128CB0B8F00AF5458 /* Release */ = {
			isa = XCBuildConfiguration;
			buildSettings = {
				ASSETCATALOG_COMPILER_APPICON_NAME = AppIcon;
				ASSETCATALOG_COMPILER_GLOBAL_ACCENT_COLOR_NAME = AccentColor;
				CODE_SIGN_STYLE = Automatic;
				INFOPLIST_FILE = "I am rich/Info.plist";
				IPHONEOS_DEPLOYMENT_TARGET = 13.0;
				LD_RUNPATH_SEARCH_PATHS = (
					"$(inherited)",
					"@executable_path/Frameworks",
				);
				PRODUCT_BUNDLE_IDENTIFIER = "co.appbrewery.I-am-rich";
				PRODUCT_NAME = "$(TARGET_NAME)";
				SWIFT_VERSION = 5.0;
				TARGETED_DEVICE_FAMILY = "1,2";
			};
			name = Release;
		};
		FF266D8328CB0B8F00AF5458 /* Debug */ = {
			isa = XCBuildConfiguration;
			buildSettings = {
				ALWAYS_EMBED_SWIFT_STANDARD_LIBRARIES = YES;
				BUNDLE_LOADER = "$(TEST_HOST)";
				CODE_SIGN_STYLE = Automatic;
				INFOPLIST_FILE = "I am richTests/Info.plist";
				IPHONEOS_DEPLOYMENT_TARGET = 14.4;
				LD_RUNPATH_SEARCH_PATHS = (
					"$(inherited)",
					"@executable_path/Frameworks",
					"@loader_path/Frameworks",
				);
				PRODUCT_BUNDLE_IDENTIFIER = "co.appbrewery.I-am-richTests";
				PRODUCT_NAME = "$(TARGET_NAME)";
				SWIFT_VERSION = 5.0;
				TARGETED_DEVICE_FAMILY = "1,2";
				TEST_HOST = "$(BUILT_PRODUCTS_DIR)/I am rich.app/I am rich";
			};
			name = Debug;
		};
		FF266D8428CB0B8F00AF5458 /* Release */ = {
			isa = XCBuildConfiguration;
			buildSettings = {
				ALWAYS_EMBED_SWIFT_STANDARD_LIBRARIES = YES;
				BUNDLE_LOADER = "$(TEST_HOST)";
				CODE_SIGN_STYLE = Automatic;
				INFOPLIST_FILE = "I am richTests/Info.plist";
				IPHONEOS_DEPLOYMENT_TARGET = 14.4;
				LD_RUNPATH_SEARCH_PATHS = (
					"$(inherited)",
					"@executable_path/Frameworks",
					"@loader_path/Frameworks",
				);
				PRODUCT_BUNDLE_IDENTIFIER = "co.appbrewery.I-am-richTests";
				PRODUCT_NAME = "$(TARGET_NAME)";
				SWIFT_VERSION = 5.0;
				TARGETED_DEVICE_FAMILY = "1,2";
				TEST_HOST = "$(BUILT_PRODUCTS_DIR)/I am rich.app/I am rich";
			};
			name = Release;
		};
		FF266D8628CB0B8F00AF5458 /* Debug */ = {
			isa = XCBuildConfiguration;
			buildSettings = {
				ALWAYS_EMBED_SWIFT_STANDARD_LIBRARIES = YES;
				CODE_SIGN_STYLE = Automatic;
				INFOPLIST_FILE = "I am richUITests/Info.plist";
				LD_RUNPATH_SEARCH_PATHS = (
					"$(inherited)",
					"@executable_path/Frameworks",
					"@loader_path/Frameworks",
				);
				PRODUCT_BUNDLE_IDENTIFIER = "co.appbrewery.I-am-richUITests";
				PRODUCT_NAME = "$(TARGET_NAME)";
				SWIFT_VERSION = 5.0;
				TARGETED_DEVICE_FAMILY = "1,2";
				TEST_TARGET_NAME = "I am rich";
			};
			name = Debug;
		};
		FF266D8728CB0B8F00AF5458 /* Release */ = {
			isa = XCBuildConfiguration;
			buildSettings = {
				ALWAYS_EMBED_SWIFT_STANDARD_LIBRARIES = YES;
				CODE_SIGN_STYLE = Automatic;
				INFOPLIST_FILE = "I am richUITests/Info.plist";
				LD_RUNPATH_SEARCH_PATHS = (
					"$(inherited)",
					"@executable_path/Frameworks",
					"@loader_path/Frameworks",
				);
				PRODUCT_BUNDLE_IDENTIFIER = "co.appbrewery.I-am-richUITests";
				PRODUCT_NAME = "$(TARGET_NAME)";
				SWIFT_VERSION = 5.0;
				TARGETED_DEVICE_FAMILY = "1,2";
				TEST_TARGET_NAME = "I am rich";
			};
			name = Release;
		};
/* End XCBuildConfiguration section */

/* Begin XCConfigurationList section */
		FF266D5028CB0B8D00AF5458 /* Build configuration list for PBXProject "I am rich" */ = {
			isa = XCConfigurationList;
			buildConfigurations = (
				FF266D7D28CB0B8F00AF5458 /* Debug */,
				FF266D7E28CB0B8F00AF5458 /* Release */,
			);
			defaultConfigurationIsVisible = 0;
			defaultConfigurationName = Release;
		};
		FF266D7F28CB0B8F00AF5458 /* Build configuration list for PBXNativeTarget "I am rich" */ = {
			isa = XCConfigurationList;
			buildConfigurations = (
				FF266D8028CB0B8F00AF5458 /* Debug */,
				FF266D8128CB0B8F00AF5458 /* Release */,
			);
			defaultConfigurationIsVisible = 0;
			defaultConfigurationName = Release;
		};
		FF266D8228CB0B8F00AF5458 /* Build configuration list for PBXNativeTarget "I am richTests" */ = {
			isa = XCConfigurationList;
			buildConfigurations = (
				FF266D8328CB0B8F00AF5458 /* Debug */,
				FF266D8428CB0B8F00AF5458 /* Release */,
			);
			defaultConfigurationIsVisible = 0;
			defaultConfigurationName = Release;
		};
		FF266D8528CB0B8F00AF5458 /* Build configuration list for PBXNativeTarget "I am richUITests" */ = {
			isa = XCConfigurationList;
			buildConfigurations = (
				FF266D8628CB0B8F00AF5458 /* Debug */,
				FF266D8728CB0B8F00AF5458 /* Release */,
			);
			defaultConfigurationIsVisible = 0;
			defaultConfigurationName = Release;
		};
/* End XCConfigurationList section */
	};
	rootObject = FF266D4D28CB0B8D00AF5458 /* Project object */;
}
